// !$*UTF8*$!
{
	archiveVersion = 1;
	classes = {
	};
	objectVersion = 50;
	objects = {

/* Begin PBXBuildFile section */
		01D44A4F1467E447A28E3D7C /* Pods_TestProject.framework in Frameworks */ = {isa = PBXBuildFile; fileRef = CD5E5F049654E4022228FB86 /* Pods_TestProject.framework */; };
		861535B120E4F3FF007FF247 /* AppDelegate.swift in Sources */ = {isa = PBXBuildFile; fileRef = 861535B020E4F3FF007FF247 /* AppDelegate.swift */; };
		861535B320E4F3FF007FF247 /* ViewController.swift in Sources */ = {isa = PBXBuildFile; fileRef = 861535B220E4F3FF007FF247 /* ViewController.swift */; };
		861535B620E4F3FF007FF247 /* Main.storyboard in Resources */ = {isa = PBXBuildFile; fileRef = 861535B420E4F3FF007FF247 /* Main.storyboard */; };
		861535B820E4F402007FF247 /* Assets.xcassets in Resources */ = {isa = PBXBuildFile; fileRef = 861535B720E4F402007FF247 /* Assets.xcassets */; };
		861535BB20E4F402007FF247 /* LaunchScreen.storyboard in Resources */ = {isa = PBXBuildFile; fileRef = 861535B920E4F402007FF247 /* LaunchScreen.storyboard */; };
		861DBA6E20E6068700619755 /* CurrencyUseCase.swift in Sources */ = {isa = PBXBuildFile; fileRef = 861DBA6D20E6068700619755 /* CurrencyUseCase.swift */; };
		861DBA7020E60BCE00619755 /* ViewControllerPresenter.swift in Sources */ = {isa = PBXBuildFile; fileRef = 861DBA6F20E60BCE00619755 /* ViewControllerPresenter.swift */; };
		861DBA7320E60BFB00619755 /* VCPresenterContract.swift in Sources */ = {isa = PBXBuildFile; fileRef = 861DBA7220E60BFB00619755 /* VCPresenterContract.swift */; };
		861DBA7520E60C7E00619755 /* BasePresenter.swift in Sources */ = {isa = PBXBuildFile; fileRef = 861DBA7420E60C7E00619755 /* BasePresenter.swift */; };
		861DBA7820E60D1A00619755 /* BaseViewController.swift in Sources */ = {isa = PBXBuildFile; fileRef = 861DBA7720E60D1A00619755 /* BaseViewController.swift */; };
		861DBA7B20E60E0C00619755 /* ViewControllerContract.swift in Sources */ = {isa = PBXBuildFile; fileRef = 861DBA7A20E60E0C00619755 /* ViewControllerContract.swift */; };
		861DBA7E20E6122F00619755 /* AppContainer.swift in Sources */ = {isa = PBXBuildFile; fileRef = 861DBA7D20E6122F00619755 /* AppContainer.swift */; };
		861DBA8120E61B6D00619755 /* MainTableDataSource.swift in Sources */ = {isa = PBXBuildFile; fileRef = 861DBA8020E61B6D00619755 /* MainTableDataSource.swift */; };
		861DBA8620E61BF500619755 /* Bindable.swift in Sources */ = {isa = PBXBuildFile; fileRef = 861DBA8520E61BF500619755 /* Bindable.swift */; };
		861DBA8820E61C1500619755 /* Configuratable.swift in Sources */ = {isa = PBXBuildFile; fileRef = 861DBA8720E61C1500619755 /* Configuratable.swift */; };
		861DBA8A20E61D7F00619755 /* CellConfigurator.swift in Sources */ = {isa = PBXBuildFile; fileRef = 861DBA8920E61D7F00619755 /* CellConfigurator.swift */; };
		861DBA8C20E61DC800619755 /* NewsCell.swift in Sources */ = {isa = PBXBuildFile; fileRef = 861DBA8B20E61DC800619755 /* NewsCell.swift */; };
		863444B120E5123A005BE3CC /* MainThreadExecutor.swift in Sources */ = {isa = PBXBuildFile; fileRef = 863444B020E5123A005BE3CC /* MainThreadExecutor.swift */; };
		863444B320E5125B005BE3CC /* BackgroundThreadExecutor.swift in Sources */ = {isa = PBXBuildFile; fileRef = 863444B220E5125B005BE3CC /* BackgroundThreadExecutor.swift */; };
		863444B620E512A8005BE3CC /* ThreadExecutor.swift in Sources */ = {isa = PBXBuildFile; fileRef = 863444B520E512A8005BE3CC /* ThreadExecutor.swift */; };
		863444B820E512E2005BE3CC /* Interactor.swift in Sources */ = {isa = PBXBuildFile; fileRef = 863444B720E512E2005BE3CC /* Interactor.swift */; };
		86A07ABF20E4F7B8007E14DF /* BaseApi.swift in Sources */ = {isa = PBXBuildFile; fileRef = 86A07ABE20E4F7B8007E14DF /* BaseApi.swift */; };
		86A07AC520E4F888007E14DF /* BaseRequestModel.swift in Sources */ = {isa = PBXBuildFile; fileRef = 86A07AC420E4F888007E14DF /* BaseRequestModel.swift */; };
		86A07AC820E4FC72007E14DF /* ResponseModel.swift in Sources */ = {isa = PBXBuildFile; fileRef = 86A07AC720E4FC72007E14DF /* ResponseModel.swift */; };
		86A07ACB20E4FCE5007E14DF /* ExceptionsModel.swift in Sources */ = {isa = PBXBuildFile; fileRef = 86A07ACA20E4FCE5007E14DF /* ExceptionsModel.swift */; };
		86A07ACF20E4FDF0007E14DF /* CurrenciesApi.swift in Sources */ = {isa = PBXBuildFile; fileRef = 86A07ACE20E4FDF0007E14DF /* CurrenciesApi.swift */; };
		86A07AD220E4FEE1007E14DF /* ErrorModel.swift in Sources */ = {isa = PBXBuildFile; fileRef = 86A07AD120E4FEE1007E14DF /* ErrorModel.swift */; };
		86A07AD420E4FF51007E14DF /* News.swift in Sources */ = {isa = PBXBuildFile; fileRef = 86A07AD320E4FF51007E14DF /* News.swift */; };
		86C6C56F21A5BDA8007176FD /* ImageLoader.swift in Sources */ = {isa = PBXBuildFile; fileRef = 86C6C56E21A5BDA8007176FD /* ImageLoader.swift */; };
		86C6C57221A5BEA2007176FD /* ImageLoaderService.swift in Sources */ = {isa = PBXBuildFile; fileRef = 86C6C57121A5BEA2007176FD /* ImageLoaderService.swift */; };
/* End PBXBuildFile section */

/* Begin PBXFileReference section */
		2CD5B8E88DC963C1AAD72A24 /* Pods-TestProject.debug.xcconfig */ = {isa = PBXFileReference; includeInIndex = 1; lastKnownFileType = text.xcconfig; name = "Pods-TestProject.debug.xcconfig"; path = "Pods/Target Support Files/Pods-TestProject/Pods-TestProject.debug.xcconfig"; sourceTree = "<group>"; };
		861535AD20E4F3FF007FF247 /* TestProject.app */ = {isa = PBXFileReference; explicitFileType = wrapper.application; includeInIndex = 0; path = TestProject.app; sourceTree = BUILT_PRODUCTS_DIR; };
		861535B020E4F3FF007FF247 /* AppDelegate.swift */ = {isa = PBXFileReference; lastKnownFileType = sourcecode.swift; path = AppDelegate.swift; sourceTree = "<group>"; };
		861535B220E4F3FF007FF247 /* ViewController.swift */ = {isa = PBXFileReference; lastKnownFileType = sourcecode.swift; path = ViewController.swift; sourceTree = "<group>"; };
		861535B520E4F3FF007FF247 /* Base */ = {isa = PBXFileReference; lastKnownFileType = file.storyboard; name = Base; path = Base.lproj/Main.storyboard; sourceTree = "<group>"; };
		861535B720E4F402007FF247 /* Assets.xcassets */ = {isa = PBXFileReference; lastKnownFileType = folder.assetcatalog; path = Assets.xcassets; sourceTree = "<group>"; };
		861535BA20E4F402007FF247 /* Base */ = {isa = PBXFileReference; lastKnownFileType = file.storyboard; name = Base; path = Base.lproj/LaunchScreen.storyboard; sourceTree = "<group>"; };
		861535BC20E4F402007FF247 /* Info.plist */ = {isa = PBXFileReference; lastKnownFileType = text.plist.xml; path = Info.plist; sourceTree = "<group>"; };
		861DBA6D20E6068700619755 /* CurrencyUseCase.swift */ = {isa = PBXFileReference; lastKnownFileType = sourcecode.swift; path = CurrencyUseCase.swift; sourceTree = "<group>"; };
		861DBA6F20E60BCE00619755 /* ViewControllerPresenter.swift */ = {isa = PBXFileReference; lastKnownFileType = sourcecode.swift; path = ViewControllerPresenter.swift; sourceTree = "<group>"; };
		861DBA7220E60BFB00619755 /* VCPresenterContract.swift */ = {isa = PBXFileReference; lastKnownFileType = sourcecode.swift; path = VCPresenterContract.swift; sourceTree = "<group>"; };
		861DBA7420E60C7E00619755 /* BasePresenter.swift */ = {isa = PBXFileReference; lastKnownFileType = sourcecode.swift; path = BasePresenter.swift; sourceTree = "<group>"; };
		861DBA7720E60D1A00619755 /* BaseViewController.swift */ = {isa = PBXFileReference; lastKnownFileType = sourcecode.swift; path = BaseViewController.swift; sourceTree = "<group>"; };
		861DBA7A20E60E0C00619755 /* ViewControllerContract.swift */ = {isa = PBXFileReference; lastKnownFileType = sourcecode.swift; path = ViewControllerContract.swift; sourceTree = "<group>"; };
		861DBA7D20E6122F00619755 /* AppContainer.swift */ = {isa = PBXFileReference; lastKnownFileType = sourcecode.swift; path = AppContainer.swift; sourceTree = "<group>"; };
		861DBA8020E61B6D00619755 /* MainTableDataSource.swift */ = {isa = PBXFileReference; lastKnownFileType = sourcecode.swift; path = MainTableDataSource.swift; sourceTree = "<group>"; };
		861DBA8520E61BF500619755 /* Bindable.swift */ = {isa = PBXFileReference; lastKnownFileType = sourcecode.swift; path = Bindable.swift; sourceTree = "<group>"; };
		861DBA8720E61C1500619755 /* Configuratable.swift */ = {isa = PBXFileReference; lastKnownFileType = sourcecode.swift; path = Configuratable.swift; sourceTree = "<group>"; };
		861DBA8920E61D7F00619755 /* CellConfigurator.swift */ = {isa = PBXFileReference; lastKnownFileType = sourcecode.swift; path = CellConfigurator.swift; sourceTree = "<group>"; };
		861DBA8B20E61DC800619755 /* NewsCell.swift */ = {isa = PBXFileReference; lastKnownFileType = sourcecode.swift; path = NewsCell.swift; sourceTree = "<group>"; };
		863444B020E5123A005BE3CC /* MainThreadExecutor.swift */ = {isa = PBXFileReference; lastKnownFileType = sourcecode.swift; path = MainThreadExecutor.swift; sourceTree = "<group>"; };
		863444B220E5125B005BE3CC /* BackgroundThreadExecutor.swift */ = {isa = PBXFileReference; lastKnownFileType = sourcecode.swift; path = BackgroundThreadExecutor.swift; sourceTree = "<group>"; };
		863444B520E512A8005BE3CC /* ThreadExecutor.swift */ = {isa = PBXFileReference; lastKnownFileType = sourcecode.swift; path = ThreadExecutor.swift; sourceTree = "<group>"; };
		863444B720E512E2005BE3CC /* Interactor.swift */ = {isa = PBXFileReference; lastKnownFileType = sourcecode.swift; path = Interactor.swift; sourceTree = "<group>"; };
		86A07ABE20E4F7B8007E14DF /* BaseApi.swift */ = {isa = PBXFileReference; lastKnownFileType = sourcecode.swift; path = BaseApi.swift; sourceTree = "<group>"; };
		86A07AC420E4F888007E14DF /* BaseRequestModel.swift */ = {isa = PBXFileReference; lastKnownFileType = sourcecode.swift; path = BaseRequestModel.swift; sourceTree = "<group>"; };
		86A07AC720E4FC72007E14DF /* ResponseModel.swift */ = {isa = PBXFileReference; lastKnownFileType = sourcecode.swift; path = ResponseModel.swift; sourceTree = "<group>"; };
		86A07ACA20E4FCE5007E14DF /* ExceptionsModel.swift */ = {isa = PBXFileReference; lastKnownFileType = sourcecode.swift; path = ExceptionsModel.swift; sourceTree = "<group>"; };
		86A07ACE20E4FDF0007E14DF /* CurrenciesApi.swift */ = {isa = PBXFileReference; lastKnownFileType = sourcecode.swift; path = CurrenciesApi.swift; sourceTree = "<group>"; };
		86A07AD120E4FEE1007E14DF /* ErrorModel.swift */ = {isa = PBXFileReference; lastKnownFileType = sourcecode.swift; path = ErrorModel.swift; sourceTree = "<group>"; };
		86A07AD320E4FF51007E14DF /* News.swift */ = {isa = PBXFileReference; lastKnownFileType = sourcecode.swift; path = News.swift; sourceTree = "<group>"; };
		86C6C56E21A5BDA8007176FD /* ImageLoader.swift */ = {isa = PBXFileReference; lastKnownFileType = sourcecode.swift; path = ImageLoader.swift; sourceTree = "<group>"; };
		86C6C57121A5BEA2007176FD /* ImageLoaderService.swift */ = {isa = PBXFileReference; lastKnownFileType = sourcecode.swift; path = ImageLoaderService.swift; sourceTree = "<group>"; };
		AC24D6B33360BE3BCA43A4B8 /* Pods-TestProject.release.xcconfig */ = {isa = PBXFileReference; includeInIndex = 1; lastKnownFileType = text.xcconfig; name = "Pods-TestProject.release.xcconfig"; path = "Pods/Target Support Files/Pods-TestProject/Pods-TestProject.release.xcconfig"; sourceTree = "<group>"; };
		CD5E5F049654E4022228FB86 /* Pods_TestProject.framework */ = {isa = PBXFileReference; explicitFileType = wrapper.framework; includeInIndex = 0; path = Pods_TestProject.framework; sourceTree = BUILT_PRODUCTS_DIR; };
/* End PBXFileReference section */

/* Begin PBXFrameworksBuildPhase section */
		861535AA20E4F3FF007FF247 /* Frameworks */ = {
			isa = PBXFrameworksBuildPhase;
			buildActionMask = 2147483647;
			files = (
				01D44A4F1467E447A28E3D7C /* Pods_TestProject.framework in Frameworks */,
			);
			runOnlyForDeploymentPostprocessing = 0;
		};
/* End PBXFrameworksBuildPhase section */

/* Begin PBXGroup section */
		861535A420E4F3FE007FF247 = {
			isa = PBXGroup;
			children = (
				861535AF20E4F3FF007FF247 /* TestProject */,
				861535AE20E4F3FF007FF247 /* Products */,
				BE061CC41942238727625FF2 /* Pods */,
				94660A07FE2D0D67B01403FE /* Frameworks */,
			);
			sourceTree = "<group>";
		};
		861535AE20E4F3FF007FF247 /* Products */ = {
			isa = PBXGroup;
			children = (
				861535AD20E4F3FF007FF247 /* TestProject.app */,
			);
			name = Products;
			sourceTree = "<group>";
		};
		861535AF20E4F3FF007FF247 /* TestProject */ = {
			isa = PBXGroup;
			children = (
				86C6C57021A5BE93007176FD /* ImageLoader */,
				861DBA7C20E6122000619755 /* AppContainer */,
				863444AF20E5121D005BE3CC /* ThreadExecutors */,
				86A07AC220E4F7E8007E14DF /* DomainLayer */,
				86A07AC020E4F7C0007E14DF /* PresentationLayer */,
				86A07ABD20E4F79D007E14DF /* NetworkLayer */,
				861535B020E4F3FF007FF247 /* AppDelegate.swift */,
				861535B720E4F402007FF247 /* Assets.xcassets */,
				861535B920E4F402007FF247 /* LaunchScreen.storyboard */,
				861535BC20E4F402007FF247 /* Info.plist */,
			);
			path = TestProject;
			sourceTree = "<group>";
		};
		861DBA7120E60BDD00619755 /* Presenters */ = {
			isa = PBXGroup;
			children = (
				861DBA7220E60BFB00619755 /* VCPresenterContract.swift */,
				861DBA7420E60C7E00619755 /* BasePresenter.swift */,
			);
			path = Presenters;
			sourceTree = "<group>";
		};
		861DBA7620E60D0A00619755 /* BaseViewController */ = {
			isa = PBXGroup;
			children = (
				861DBA7720E60D1A00619755 /* BaseViewController.swift */,
			);
			path = BaseViewController;
			sourceTree = "<group>";
		};
		861DBA7920E60DDD00619755 /* ViewControllerProtocols */ = {
			isa = PBXGroup;
			children = (
				861DBA7A20E60E0C00619755 /* ViewControllerContract.swift */,
			);
			path = ViewControllerProtocols;
			sourceTree = "<group>";
		};
		861DBA7C20E6122000619755 /* AppContainer */ = {
			isa = PBXGroup;
			children = (
				861DBA7D20E6122F00619755 /* AppContainer.swift */,
			);
			path = AppContainer;
			sourceTree = "<group>";
		};
		861DBA7F20E61B5100619755 /* TableResources */ = {
			isa = PBXGroup;
			children = (
				861DBA8020E61B6D00619755 /* MainTableDataSource.swift */,
				861DBA8920E61D7F00619755 /* CellConfigurator.swift */,
				861DBA8B20E61DC800619755 /* NewsCell.swift */,
			);
			path = TableResources;
			sourceTree = "<group>";
		};
		861DBA8420E61BE000619755 /* TableProtocols */ = {
			isa = PBXGroup;
			children = (
				861DBA8520E61BF500619755 /* Bindable.swift */,
				861DBA8720E61C1500619755 /* Configuratable.swift */,
			);
			path = TableProtocols;
			sourceTree = "<group>";
		};
		863444AF20E5121D005BE3CC /* ThreadExecutors */ = {
			isa = PBXGroup;
			children = (
				863444B020E5123A005BE3CC /* MainThreadExecutor.swift */,
				863444B220E5125B005BE3CC /* BackgroundThreadExecutor.swift */,
			);
			path = ThreadExecutors;
			sourceTree = "<group>";
		};
		863444B420E5129A005BE3CC /* ThreadExecutor */ = {
			isa = PBXGroup;
			children = (
				863444B520E512A8005BE3CC /* ThreadExecutor.swift */,
			);
			path = ThreadExecutor;
			sourceTree = "<group>";
		};
		86A07ABD20E4F79D007E14DF /* NetworkLayer */ = {
			isa = PBXGroup;
			children = (
				86A07ACD20E4FDA8007E14DF /* CurrenciesApi */,
				86A07ACC20E4FD8D007E14DF /* NetworkModels */,
				86A07ABE20E4F7B8007E14DF /* BaseApi.swift */,
			);
			path = NetworkLayer;
			sourceTree = "<group>";
		};
		86A07AC020E4F7C0007E14DF /* PresentationLayer */ = {
			isa = PBXGroup;
			children = (
				86A07AC120E4F7CE007E14DF /* MainScene */,
			);
			path = PresentationLayer;
			sourceTree = "<group>";
		};
		86A07AC120E4F7CE007E14DF /* MainScene */ = {
			isa = PBXGroup;
			children = (
				861DBA7F20E61B5100619755 /* TableResources */,
				861535B420E4F3FF007FF247 /* Main.storyboard */,
				861535B220E4F3FF007FF247 /* ViewController.swift */,
				861DBA6F20E60BCE00619755 /* ViewControllerPresenter.swift */,
			);
			path = MainScene;
			sourceTree = "<group>";
		};
		86A07AC220E4F7E8007E14DF /* DomainLayer */ = {
			isa = PBXGroup;
			children = (
				86C6C56D21A5BD96007176FD /* ImageLoader */,
				861DBA8420E61BE000619755 /* TableProtocols */,
				861DBA7920E60DDD00619755 /* ViewControllerProtocols */,
				861DBA7620E60D0A00619755 /* BaseViewController */,
				861DBA7120E60BDD00619755 /* Presenters */,
				863444B420E5129A005BE3CC /* ThreadExecutor */,
				86A07AD620E50D77007E14DF /* UseCases */,
				86A07AD520E50D63007E14DF /* AppModel */,
			);
			path = DomainLayer;
			sourceTree = "<group>";
		};
		86A07AC320E4F878007E14DF /* RequestModels */ = {
			isa = PBXGroup;
			children = (
				86A07AC420E4F888007E14DF /* BaseRequestModel.swift */,
			);
			path = RequestModels;
			sourceTree = "<group>";
		};
		86A07AC620E4FC65007E14DF /* ResponseModel */ = {
			isa = PBXGroup;
			children = (
				86A07AC720E4FC72007E14DF /* ResponseModel.swift */,
			);
			path = ResponseModel;
			sourceTree = "<group>";
		};
		86A07AC920E4FCBF007E14DF /* ExceptionsModel */ = {
			isa = PBXGroup;
			children = (
				86A07ACA20E4FCE5007E14DF /* ExceptionsModel.swift */,
			);
			path = ExceptionsModel;
			sourceTree = "<group>";
		};
		86A07ACC20E4FD8D007E14DF /* NetworkModels */ = {
			isa = PBXGroup;
			children = (
				86A07AD020E4FECF007E14DF /* ErrorModel */,
				86A07AC320E4F878007E14DF /* RequestModels */,
				86A07AC620E4FC65007E14DF /* ResponseModel */,
				86A07AC920E4FCBF007E14DF /* ExceptionsModel */,
			);
			path = NetworkModels;
			sourceTree = "<group>";
		};
		86A07ACD20E4FDA8007E14DF /* CurrenciesApi */ = {
			isa = PBXGroup;
			children = (
				86A07ACE20E4FDF0007E14DF /* CurrenciesApi.swift */,
			);
			path = CurrenciesApi;
			sourceTree = "<group>";
		};
		86A07AD020E4FECF007E14DF /* ErrorModel */ = {
			isa = PBXGroup;
			children = (
				86A07AD120E4FEE1007E14DF /* ErrorModel.swift */,
			);
			path = ErrorModel;
			sourceTree = "<group>";
		};
		86A07AD520E50D63007E14DF /* AppModel */ = {
			isa = PBXGroup;
			children = (
				86A07AD320E4FF51007E14DF /* News.swift */,
			);
			path = AppModel;
			sourceTree = "<group>";
		};
		86A07AD620E50D77007E14DF /* UseCases */ = {
			isa = PBXGroup;
			children = (
				86A07AD720E50D85007E14DF /* CurrencyUseCase */,
				863444B720E512E2005BE3CC /* Interactor.swift */,
			);
			path = UseCases;
			sourceTree = "<group>";
		};
		86A07AD720E50D85007E14DF /* CurrencyUseCase */ = {
			isa = PBXGroup;
			children = (
				861DBA6D20E6068700619755 /* CurrencyUseCase.swift */,
			);
			path = CurrencyUseCase;
			sourceTree = "<group>";
		};
		86C6C56D21A5BD96007176FD /* ImageLoader */ = {
			isa = PBXGroup;
			children = (
				86C6C56E21A5BDA8007176FD /* ImageLoader.swift */,
			);
			path = ImageLoader;
			sourceTree = "<group>";
		};
		86C6C57021A5BE93007176FD /* ImageLoader */ = {
			isa = PBXGroup;
			children = (
				86C6C57121A5BEA2007176FD /* ImageLoaderService.swift */,
			);
			path = ImageLoader;
			sourceTree = "<group>";
		};
		94660A07FE2D0D67B01403FE /* Frameworks */ = {
			isa = PBXGroup;
			children = (
				CD5E5F049654E4022228FB86 /* Pods_TestProject.framework */,
			);
			name = Frameworks;
			sourceTree = "<group>";
		};
		BE061CC41942238727625FF2 /* Pods */ = {
			isa = PBXGroup;
			children = (
				2CD5B8E88DC963C1AAD72A24 /* Pods-TestProject.debug.xcconfig */,
				AC24D6B33360BE3BCA43A4B8 /* Pods-TestProject.release.xcconfig */,
			);
			name = Pods;
			sourceTree = "<group>";
		};
/* End PBXGroup section */

/* Begin PBXNativeTarget section */
		861535AC20E4F3FF007FF247 /* TestProject */ = {
			isa = PBXNativeTarget;
			buildConfigurationList = 861535BF20E4F402007FF247 /* Build configuration list for PBXNativeTarget "TestProject" */;
			buildPhases = (
				5B7A4113CEAE9528F3A485EE /* [CP] Check Pods Manifest.lock */,
				861535A920E4F3FF007FF247 /* Sources */,
				861535AA20E4F3FF007FF247 /* Frameworks */,
				861535AB20E4F3FF007FF247 /* Resources */,
				59E657B66C0115A3ACCB858B /* [CP] Embed Pods Frameworks */,
			);
			buildRules = (
			);
			dependencies = (
			);
			name = TestProject;
			productName = TestProject;
			productReference = 861535AD20E4F3FF007FF247 /* TestProject.app */;
			productType = "com.apple.product-type.application";
		};
/* End PBXNativeTarget section */

/* Begin PBXProject section */
		861535A520E4F3FE007FF247 /* Project object */ = {
			isa = PBXProject;
			attributes = {
				LastSwiftUpdateCheck = 0940;
				LastUpgradeCheck = 0940;
				ORGANIZATIONNAME = 123;
				TargetAttributes = {
					861535AC20E4F3FF007FF247 = {
						CreatedOnToolsVersion = 9.4.1;
					};
				};
			};
			buildConfigurationList = 861535A820E4F3FE007FF247 /* Build configuration list for PBXProject "TestProject" */;
			compatibilityVersion = "Xcode 9.3";
			developmentRegion = en;
			hasScannedForEncodings = 0;
			knownRegions = (
				en,
				Base,
			);
			mainGroup = 861535A420E4F3FE007FF247;
			productRefGroup = 861535AE20E4F3FF007FF247 /* Products */;
			projectDirPath = "";
			projectRoot = "";
			targets = (
				861535AC20E4F3FF007FF247 /* TestProject */,
			);
		};
/* End PBXProject section */

/* Begin PBXResourcesBuildPhase section */
		861535AB20E4F3FF007FF247 /* Resources */ = {
			isa = PBXResourcesBuildPhase;
			buildActionMask = 2147483647;
			files = (
				861535BB20E4F402007FF247 /* LaunchScreen.storyboard in Resources */,
				861535B820E4F402007FF247 /* Assets.xcassets in Resources */,
				861535B620E4F3FF007FF247 /* Main.storyboard in Resources */,
			);
			runOnlyForDeploymentPostprocessing = 0;
		};
/* End PBXResourcesBuildPhase section */

/* Begin PBXShellScriptBuildPhase section */
		59E657B66C0115A3ACCB858B /* [CP] Embed Pods Frameworks */ = {
			isa = PBXShellScriptBuildPhase;
			buildActionMask = 2147483647;
			files = (
			);
			inputPaths = (
				"${SRCROOT}/Pods/Target Support Files/Pods-TestProject/Pods-TestProject-frameworks.sh",
				"${BUILT_PRODUCTS_DIR}/Alamofire/Alamofire.framework",
				"${BUILT_PRODUCTS_DIR}/Dip/Dip.framework",
			);
			name = "[CP] Embed Pods Frameworks";
			outputPaths = (
				"${TARGET_BUILD_DIR}/${FRAMEWORKS_FOLDER_PATH}/Alamofire.framework",
				"${TARGET_BUILD_DIR}/${FRAMEWORKS_FOLDER_PATH}/Dip.framework",
			);
			runOnlyForDeploymentPostprocessing = 0;
			shellPath = /bin/sh;
			shellScript = "\"${SRCROOT}/Pods/Target Support Files/Pods-TestProject/Pods-TestProject-frameworks.sh\"\n";
			showEnvVarsInLog = 0;
		};
		5B7A4113CEAE9528F3A485EE /* [CP] Check Pods Manifest.lock */ = {
			isa = PBXShellScriptBuildPhase;
			buildActionMask = 2147483647;
			files = (
			);
			inputPaths = (
				"${PODS_PODFILE_DIR_PATH}/Podfile.lock",
				"${PODS_ROOT}/Manifest.lock",
			);
			name = "[CP] Check Pods Manifest.lock";
			outputPaths = (
				"$(DERIVED_FILE_DIR)/Pods-TestProject-checkManifestLockResult.txt",
			);
			runOnlyForDeploymentPostprocessing = 0;
			shellPath = /bin/sh;
			shellScript = "diff \"${PODS_PODFILE_DIR_PATH}/Podfile.lock\" \"${PODS_ROOT}/Manifest.lock\" > /dev/null\nif [ $? != 0 ] ; then\n    # print error to STDERR\n    echo \"error: The sandbox is not in sync with the Podfile.lock. Run 'pod install' or update your CocoaPods installation.\" >&2\n    exit 1\nfi\n# This output is used by Xcode 'outputs' to avoid re-running this script phase.\necho \"SUCCESS\" > \"${SCRIPT_OUTPUT_FILE_0}\"\n";
			showEnvVarsInLog = 0;
		};
/* End PBXShellScriptBuildPhase section */

/* Begin PBXSourcesBuildPhase section */
		861535A920E4F3FF007FF247 /* Sources */ = {
			isa = PBXSourcesBuildPhase;
			buildActionMask = 2147483647;
			files = (
				861535B320E4F3FF007FF247 /* ViewController.swift in Sources */,
				861535B120E4F3FF007FF247 /* AppDelegate.swift in Sources */,
				863444B620E512A8005BE3CC /* ThreadExecutor.swift in Sources */,
				861DBA7020E60BCE00619755 /* ViewControllerPresenter.swift in Sources */,
				86A07AD420E4FF51007E14DF /* News.swift in Sources */,
				86C6C57221A5BEA2007176FD /* ImageLoaderService.swift in Sources */,
				861DBA8820E61C1500619755 /* Configuratable.swift in Sources */,
				861DBA8620E61BF500619755 /* Bindable.swift in Sources */,
				861DBA7820E60D1A00619755 /* BaseViewController.swift in Sources */,
				86A07AC520E4F888007E14DF /* BaseRequestModel.swift in Sources */,
				86A07AC820E4FC72007E14DF /* ResponseModel.swift in Sources */,
				863444B320E5125B005BE3CC /* BackgroundThreadExecutor.swift in Sources */,
				861DBA8C20E61DC800619755 /* NewsCell.swift in Sources */,
				86C6C56F21A5BDA8007176FD /* ImageLoader.swift in Sources */,
				86A07ACF20E4FDF0007E14DF /* CurrenciesApi.swift in Sources */,
				861DBA8A20E61D7F00619755 /* CellConfigurator.swift in Sources */,
				861DBA6E20E6068700619755 /* CurrencyUseCase.swift in Sources */,
				863444B820E512E2005BE3CC /* Interactor.swift in Sources */,
				86A07ABF20E4F7B8007E14DF /* BaseApi.swift in Sources */,
				86A07AD220E4FEE1007E14DF /* ErrorModel.swift in Sources */,
				861DBA7520E60C7E00619755 /* BasePresenter.swift in Sources */,
				86A07ACB20E4FCE5007E14DF /* ExceptionsModel.swift in Sources */,
				861DBA7B20E60E0C00619755 /* ViewControllerContract.swift in Sources */,
				861DBA7E20E6122F00619755 /* AppContainer.swift in Sources */,
				863444B120E5123A005BE3CC /* MainThreadExecutor.swift in Sources */,
				861DBA7320E60BFB00619755 /* VCPresenterContract.swift in Sources */,
				861DBA8120E61B6D00619755 /* MainTableDataSource.swift in Sources */,
			);
			runOnlyForDeploymentPostprocessing = 0;
		};
/* End PBXSourcesBuildPhase section */

/* Begin PBXVariantGroup section */
		861535B420E4F3FF007FF247 /* Main.storyboard */ = {
			isa = PBXVariantGroup;
			children = (
				861535B520E4F3FF007FF247 /* Base */,
			);
			name = Main.storyboard;
			sourceTree = "<group>";
		};
		861535B920E4F402007FF247 /* LaunchScreen.storyboard */ = {
			isa = PBXVariantGroup;
			children = (
				861535BA20E4F402007FF247 /* Base */,
			);
			name = LaunchScreen.storyboard;
			sourceTree = "<group>";
		};
/* End PBXVariantGroup section */

/* Begin XCBuildConfiguration section */
		861535BD20E4F402007FF247 /* Debug */ = {
			isa = XCBuildConfiguration;
			buildSettings = {
				ALWAYS_SEARCH_USER_PATHS = NO;
				CLANG_ANALYZER_NONNULL = YES;
				CLANG_ANALYZER_NUMBER_OBJECT_CONVERSION = YES_AGGRESSIVE;
				CLANG_CXX_LANGUAGE_STANDARD = "gnu++14";
				CLANG_CXX_LIBRARY = "libc++";
				CLANG_ENABLE_MODULES = YES;
				CLANG_ENABLE_OBJC_ARC = YES;
				CLANG_ENABLE_OBJC_WEAK = YES;
				CLANG_WARN_BLOCK_CAPTURE_AUTORELEASING = YES;
				CLANG_WARN_BOOL_CONVERSION = YES;
				CLANG_WARN_COMMA = YES;
				CLANG_WARN_CONSTANT_CONVERSION = YES;
				CLANG_WARN_DEPRECATED_OBJC_IMPLEMENTATIONS = YES;
				CLANG_WARN_DIRECT_OBJC_ISA_USAGE = YES_ERROR;
				CLANG_WARN_DOCUMENTATION_COMMENTS = YES;
				CLANG_WARN_EMPTY_BODY = YES;
				CLANG_WARN_ENUM_CONVERSION = YES;
				CLANG_WARN_INFINITE_RECURSION = YES;
				CLANG_WARN_INT_CONVERSION = YES;
				CLANG_WARN_NON_LITERAL_NULL_CONVERSION = YES;
				CLANG_WARN_OBJC_IMPLICIT_RETAIN_SELF = YES;
				CLANG_WARN_OBJC_LITERAL_CONVERSION = YES;
				CLANG_WARN_OBJC_ROOT_CLASS = YES_ERROR;
				CLANG_WARN_RANGE_LOOP_ANALYSIS = YES;
				CLANG_WARN_STRICT_PROTOTYPES = YES;
				CLANG_WARN_SUSPICIOUS_MOVE = YES;
				CLANG_WARN_UNGUARDED_AVAILABILITY = YES_AGGRESSIVE;
				CLANG_WARN_UNREACHABLE_CODE = YES;
				CLANG_WARN__DUPLICATE_METHOD_MATCH = YES;
				CODE_SIGN_IDENTITY = "iPhone Developer";
				COPY_PHASE_STRIP = NO;
				DEBUG_INFORMATION_FORMAT = dwarf;
				ENABLE_STRICT_OBJC_MSGSEND = YES;
				ENABLE_TESTABILITY = YES;
				GCC_C_LANGUAGE_STANDARD = gnu11;
				GCC_DYNAMIC_NO_PIC = NO;
				GCC_NO_COMMON_BLOCKS = YES;
				GCC_OPTIMIZATION_LEVEL = 0;
				GCC_PREPROCESSOR_DEFINITIONS = (
					"DEBUG=1",
					"$(inherited)",
				);
				GCC_WARN_64_TO_32_BIT_CONVERSION = YES;
				GCC_WARN_ABOUT_RETURN_TYPE = YES_ERROR;
				GCC_WARN_UNDECLARED_SELECTOR = YES;
				GCC_WARN_UNINITIALIZED_AUTOS = YES_AGGRESSIVE;
				GCC_WARN_UNUSED_FUNCTION = YES;
				GCC_WARN_UNUSED_VARIABLE = YES;
				IPHONEOS_DEPLOYMENT_TARGET = 11.4;
				MTL_ENABLE_DEBUG_INFO = YES;
				ONLY_ACTIVE_ARCH = YES;
				SDKROOT = iphoneos;
				SWIFT_ACTIVE_COMPILATION_CONDITIONS = DEBUG;
				SWIFT_OPTIMIZATION_LEVEL = "-Onone";
			};
			name = Debug;
		};
		861535BE20E4F402007FF247 /* Release */ = {
			isa = XCBuildConfiguration;
			buildSettings = {
				ALWAYS_SEARCH_USER_PATHS = NO;
				CLANG_ANALYZER_NONNULL = YES;
				CLANG_ANALYZER_NUMBER_OBJECT_CONVERSION = YES_AGGRESSIVE;
				CLANG_CXX_LANGUAGE_STANDARD = "gnu++14";
				CLANG_CXX_LIBRARY = "libc++";
				CLANG_ENABLE_MODULES = YES;
				CLANG_ENABLE_OBJC_ARC = YES;
				CLANG_ENABLE_OBJC_WEAK = YES;
				CLANG_WARN_BLOCK_CAPTURE_AUTORELEASING = YES;
				CLANG_WARN_BOOL_CONVERSION = YES;
				CLANG_WARN_COMMA = YES;
				CLANG_WARN_CONSTANT_CONVERSION = YES;
				CLANG_WARN_DEPRECATED_OBJC_IMPLEMENTATIONS = YES;
				CLANG_WARN_DIRECT_OBJC_ISA_USAGE = YES_ERROR;
				CLANG_WARN_DOCUMENTATION_COMMENTS = YES;
				CLANG_WARN_EMPTY_BODY = YES;
				CLANG_WARN_ENUM_CONVERSION = YES;
				CLANG_WARN_INFINITE_RECURSION = YES;
				CLANG_WARN_INT_CONVERSION = YES;
				CLANG_WARN_NON_LITERAL_NULL_CONVERSION = YES;
				CLANG_WARN_OBJC_IMPLICIT_RETAIN_SELF = YES;
				CLANG_WARN_OBJC_LITERAL_CONVERSION = YES;
				CLANG_WARN_OBJC_ROOT_CLASS = YES_ERROR;
				CLANG_WARN_RANGE_LOOP_ANALYSIS = YES;
				CLANG_WARN_STRICT_PROTOTYPES = YES;
				CLANG_WARN_SUSPICIOUS_MOVE = YES;
				CLANG_WARN_UNGUARDED_AVAILABILITY = YES_AGGRESSIVE;
				CLANG_WARN_UNREACHABLE_CODE = YES;
				CLANG_WARN__DUPLICATE_METHOD_MATCH = YES;
				CODE_SIGN_IDENTITY = "iPhone Developer";
				COPY_PHASE_STRIP = NO;
				DEBUG_INFORMATION_FORMAT = "dwarf-with-dsym";
				ENABLE_NS_ASSERTIONS = NO;
				ENABLE_STRICT_OBJC_MSGSEND = YES;
				GCC_C_LANGUAGE_STANDARD = gnu11;
				GCC_NO_COMMON_BLOCKS = YES;
				GCC_WARN_64_TO_32_BIT_CONVERSION = YES;
				GCC_WARN_ABOUT_RETURN_TYPE = YES_ERROR;
				GCC_WARN_UNDECLARED_SELECTOR = YES;
				GCC_WARN_UNINITIALIZED_AUTOS = YES_AGGRESSIVE;
				GCC_WARN_UNUSED_FUNCTION = YES;
				GCC_WARN_UNUSED_VARIABLE = YES;
				IPHONEOS_DEPLOYMENT_TARGET = 11.4;
				MTL_ENABLE_DEBUG_INFO = NO;
				SDKROOT = iphoneos;
				SWIFT_COMPILATION_MODE = wholemodule;
				SWIFT_OPTIMIZATION_LEVEL = "-O";
				VALIDATE_PRODUCT = YES;
			};
			name = Release;
		};
		861535C020E4F402007FF247 /* Debug */ = {
			isa = XCBuildConfiguration;
			baseConfigurationReference = 2CD5B8E88DC963C1AAD72A24 /* Pods-TestProject.debug.xcconfig */;
			buildSettings = {
				ASSETCATALOG_COMPILER_APPICON_NAME = AppIcon;
				CODE_SIGN_STYLE = Automatic;
				DEVELOPMENT_TEAM = CUP7B7HJGJ;
				INFOPLIST_FILE = TestProject/Info.plist;
				IPHONEOS_DEPLOYMENT_TARGET = 8.0;
				LD_RUNPATH_SEARCH_PATHS = (
					"$(inherited)",
					"@executable_path/Frameworks",
				);
				PRODUCT_BUNDLE_IDENTIFIER = "-123.TestProject";
				PRODUCT_NAME = "$(TARGET_NAME)";
				SWIFT_VERSION = 4.0;
				TARGETED_DEVICE_FAMILY = "1,2";
			};
			name = Debug;
		};
		861535C120E4F402007FF247 /* Release */ = {
			isa = XCBuildConfiguration;
			baseConfigurationReference = AC24D6B33360BE3BCA43A4B8 /* Pods-TestProject.release.xcconfig */;
			buildSettings = {
				ASSETCATALOG_COMPILER_APPICON_NAME = AppIcon;
				CODE_SIGN_STYLE = Automatic;
				DEVELOPMENT_TEAM = CUP7B7HJGJ;
				INFOPLIST_FILE = TestProject/Info.plist;
				IPHONEOS_DEPLOYMENT_TARGET = 8.0;
				LD_RUNPATH_SEARCH_PATHS = (
					"$(inherited)",
					"@executable_path/Frameworks",
				);
				PRODUCT_BUNDLE_IDENTIFIER = "-123.TestProject";
				PRODUCT_NAME = "$(TARGET_NAME)";
				SWIFT_VERSION = 4.0;
				TARGETED_DEVICE_FAMILY = "1,2";
			};
			name = Release;
		};
/* End XCBuildConfiguration section */

/* Begin XCConfigurationList section */
		861535A820E4F3FE007FF247 /* Build configuration list for PBXProject "TestProject" */ = {
			isa = XCConfigurationList;
			buildConfigurations = (
				861535BD20E4F402007FF247 /* Debug */,
				861535BE20E4F402007FF247 /* Release */,
			);
			defaultConfigurationIsVisible = 0;
			defaultConfigurationName = Release;
		};
		861535BF20E4F402007FF247 /* Build configuration list for PBXNativeTarget "TestProject" */ = {
			isa = XCConfigurationList;
			buildConfigurations = (
				861535C020E4F402007FF247 /* Debug */,
				861535C120E4F402007FF247 /* Release */,
			);
			defaultConfigurationIsVisible = 0;
			defaultConfigurationName = Release;
		};
/* End XCConfigurationList section */
	};
	rootObject = 861535A520E4F3FE007FF247 /* Project object */;
}
