PODS:
  - Alamofire (4.7.3)
  - Dip (7.0.0)

DEPENDENCIES:
  - Alamofire (~> 4.5)
  - Dip

SPEC REPOS:
  https://github.com/cocoapods/specs.git:
    - Alamofire
    - Dip

SPEC CHECKSUMS:
  Alamofire: c7287b6e5d7da964a70935e5db17046b7fde6568
  Dip: 996ce76ec9170ca3c260683d2815596dd2bf99c6

PODFILE CHECKSUM: 681c92775d48da147d9c59a621b4ecc6f21eefbb

COCOAPODS: 1.5.3
